
Microsoft Visual Studio Solution File, Format Version 12.00
# Visual Studio Version 16
VisualStudioVersion = 16.0.29728.190
MinimumVisualStudioVersion = 10.0.40219.1
Project("{FAE04EC0-301F-11D3-BF4B-00C04F79EFBC}") = "ATM CIT110", "ATM CIT110\ATM CIT110.csproj", "{F54D333A-1792-4BD1-A342-3CC70AD56C41}"
EndProject
Global
	GlobalSection(SolutionConfigurationPlatforms) = preSolution
		Debug|Any CPU = Debug|Any CPU
		Release|Any CPU = Release|Any CPU
	EndGlobalSection
	GlobalSection(ProjectConfigurationPlatforms) = postSolution
		{F54D333A-1792-4BD1-A342-3CC70AD56C41}.Debug|Any CPU.ActiveCfg = Debug|Any CPU
		{F54D333A-1792-4BD1-A342-3CC70AD56C41}.Debug|Any CPU.Build.0 = Debug|Any CPU
		{F54D333A-1792-4BD1-A342-3CC70AD56C41}.Release|Any CPU.ActiveCfg = Release|Any CPU
		{F54D333A-1792-4BD1-A342-3CC70AD56C41}.Release|Any CPU.Build.0 = Release|Any CPU
	EndGlobalSection
	GlobalSection(SolutionProperties) = preSolution
		HideSolutionNode = FALSE
	EndGlobalSection
	GlobalSection(ExtensibilityGlobals) = postSolution
		SolutionGuid = {44EB34B3-1AB8-497B-AE70-C9A30CF0DF6A}
	EndGlobalSection
EndGlobal
